github.com/davecgh/go-spew v1.1.1/go.mod h1:J7Y8YcW2NihsgmVo/mv3lAwl/skON4iLHjSsI+c5H38=
github.com/mikroskeem/quackit v0.0.0-20190623141718-4867cbc939b4 h1:nr/joFUYr4WZ/QvTnBo5FBZ3AVvX2wBzVYjg8hQ57Zo=
github.com/mikroskeem/quackit v0.0.0-20190623141718-4867cbc939b4/go.mod h1:D3ABnALCxC8M35pKGfPN4u/WigizK/ylSYQG+myQPv8=
